github.com/golang/geo v0.0.0-20251223115337-4c285675e7fb h1:XHz60cDX6bukdcgD8DazP+Y5OlOMHfzAL++bJl4mYc8=
github.com/golang/geo v0.0.0-20251223115337-4c285675e7fb/go.mod h1:Mymr9kRGDc64JPr03TSZmuIBODZ3KyswLzm1xL0HFA8=
github.com/google/go-cmp v0.7.0 h1:wk8382ETsv4JYUZwIsn6YpYiWiBsYLSJiTsyBybVuN8=
github.com/google/go-cmp v0.7.0/go.mod h1:pXiqmnSA92OHEEa9HXL2W4E7lf9JzCmGVUdgjX3N/iU=
